
Microsoft Visual Studio Solution File, Format Version 12.00
# Visual Studio Version 16
VisualStudioVersion = 16.0.30907.101
MinimumVisualStudioVersion = 10.0.40219.1
Project("{FAE04EC0-301F-11D3-BF4B-00C04F79EFBC}") = "AssignmentSpiceProj", "AssignmentSpiceProj\AssignmentSpiceProj.csproj", "{CD97F80F-D46B-4F41-A127-9151D832CF7F}"
EndProject
Project("{FAE04EC0-301F-11D3-BF4B-00C04F79EFBC}") = "Spice.DomainModel", "Spice.DomainModel\Spice.DomainModel.csproj", "{80CF91CA-F376-42D9-BEC3-2B42EFF8F162}"
EndProject
Project("{FAE04EC0-301F-11D3-BF4B-00C04F79EFBC}") = "Spice.DataLayer", "Spice.DataLayer\Spice.DataLayer.csproj", "{6D65A553-F903-4768-99FE-40B684ECADF6}"
EndProject
Global
	GlobalSection(SolutionConfigurationPlatforms) = preSolution
		Debug|Any CPU = Debug|Any CPU
		Release|Any CPU = Release|Any CPU
	EndGlobalSection
	GlobalSection(ProjectConfigurationPlatforms) = postSolution
		{CD97F80F-D46B-4F41-A127-9151D832CF7F}.Debug|Any CPU.ActiveCfg = Debug|Any CPU
		{CD97F80F-D46B-4F41-A127-9151D832CF7F}.Debug|Any CPU.Build.0 = Debug|Any CPU
		{CD97F80F-D46B-4F41-A127-9151D832CF7F}.Release|Any CPU.ActiveCfg = Release|Any CPU
		{CD97F80F-D46B-4F41-A127-9151D832CF7F}.Release|Any CPU.Build.0 = Release|Any CPU
		{80CF91CA-F376-42D9-BEC3-2B42EFF8F162}.Debug|Any CPU.ActiveCfg = Debug|Any CPU
		{80CF91CA-F376-42D9-BEC3-2B42EFF8F162}.Debug|Any CPU.Build.0 = Debug|Any CPU
		{80CF91CA-F376-42D9-BEC3-2B42EFF8F162}.Release|Any CPU.ActiveCfg = Release|Any CPU
		{80CF91CA-F376-42D9-BEC3-2B42EFF8F162}.Release|Any CPU.Build.0 = Release|Any CPU
		{6D65A553-F903-4768-99FE-40B684ECADF6}.Debug|Any CPU.ActiveCfg = Debug|Any CPU
		{6D65A553-F903-4768-99FE-40B684ECADF6}.Debug|Any CPU.Build.0 = Debug|Any CPU
		{6D65A553-F903-4768-99FE-40B684ECADF6}.Release|Any CPU.ActiveCfg = Release|Any CPU
		{6D65A553-F903-4768-99FE-40B684ECADF6}.Release|Any CPU.Build.0 = Release|Any CPU
	EndGlobalSection
	GlobalSection(SolutionProperties) = preSolution
		HideSolutionNode = FALSE
	EndGlobalSection
	GlobalSection(ExtensibilityGlobals) = postSolution
		SolutionGuid = {5B82207F-85F3-42EF-A1F2-EBDD9DC114E5}
	EndGlobalSection
EndGlobal
